
Microsoft Visual Studio Solution File, Format Version 12.00
# Visual Studio Version 17
VisualStudioVersion = 17.9.34723.18
MinimumVisualStudioVersion = 10.0.40219.1
Project("{FAE04EC0-301F-11D3-BF4B-00C04F79EFBC}") = "DTTLBaiDanhGiaGiuaky", "DTTLBaiDanhGiaGiuaky\DTTLBaiDanhGiaGiuaky.csproj", "{60B9F206-53E9-4340-8E53-9129E4C923FB}"
EndProject
Global
	GlobalSection(SolutionConfigurationPlatforms) = preSolution
		Debug|Any CPU = Debug|Any CPU
		Release|Any CPU = Release|Any CPU
	EndGlobalSection
	GlobalSection(ProjectConfigurationPlatforms) = postSolution
		{60B9F206-53E9-4340-8E53-9129E4C923FB}.Debug|Any CPU.ActiveCfg = Debug|Any CPU
		{60B9F206-53E9-4340-8E53-9129E4C923FB}.Debug|Any CPU.Build.0 = Debug|Any CPU
		{60B9F206-53E9-4340-8E53-9129E4C923FB}.Release|Any CPU.ActiveCfg = Release|Any CPU
		{60B9F206-53E9-4340-8E53-9129E4C923FB}.Release|Any CPU.Build.0 = Release|Any CPU
	EndGlobalSection
	GlobalSection(SolutionProperties) = preSolution
		HideSolutionNode = FALSE
	EndGlobalSection
	GlobalSection(ExtensibilityGlobals) = postSolution
		SolutionGuid = {5A0F05B2-7848-4D18-A74E-6479884A2F29}
	EndGlobalSection
EndGlobal
