
Microsoft Visual Studio Solution File, Format Version 12.00
# Visual Studio Version 17
VisualStudioVersion = 17.9.34723.18
MinimumVisualStudioVersion = 10.0.40219.1
Project("{FAE04EC0-301F-11D3-BF4B-00C04F79EFBC}") = "DtlK22CNT1Lesson11", "DtlK22CNT1Lesson11\DtlK22CNT1Lesson11.csproj", "{CC453753-2EEC-48F1-BFDC-90EA49520EA1}"
EndProject
Global
	GlobalSection(SolutionConfigurationPlatforms) = preSolution
		Debug|Any CPU = Debug|Any CPU
		Release|Any CPU = Release|Any CPU
	EndGlobalSection
	GlobalSection(ProjectConfigurationPlatforms) = postSolution
		{CC453753-2EEC-48F1-BFDC-90EA49520EA1}.Debug|Any CPU.ActiveCfg = Debug|Any CPU
		{CC453753-2EEC-48F1-BFDC-90EA49520EA1}.Debug|Any CPU.Build.0 = Debug|Any CPU
		{CC453753-2EEC-48F1-BFDC-90EA49520EA1}.Release|Any CPU.ActiveCfg = Release|Any CPU
		{CC453753-2EEC-48F1-BFDC-90EA49520EA1}.Release|Any CPU.Build.0 = Release|Any CPU
	EndGlobalSection
	GlobalSection(SolutionProperties) = preSolution
		HideSolutionNode = FALSE
	EndGlobalSection
	GlobalSection(ExtensibilityGlobals) = postSolution
		SolutionGuid = {D539205C-096B-4DE2-B92F-A2AEA6C591C2}
	EndGlobalSection
EndGlobal
